
Microsoft Visual Studio Solution File, Format Version 12.00
# Visual Studio 15
VisualStudioVersion = 15.0.28010.2050
MinimumVisualStudioVersion = 10.0.40219.1
Project("{F184B08F-C81C-45F6-A57F-5ABD9991F28F}") = "registros", "registros\registros.vbproj", "{7643386D-EF5C-4515-9A6B-9F8D2174955B}"
EndProject
Global
	GlobalSection(SolutionConfigurationPlatforms) = preSolution
		Debug|Any CPU = Debug|Any CPU
		Release|Any CPU = Release|Any CPU
	EndGlobalSection
	GlobalSection(ProjectConfigurationPlatforms) = postSolution
		{7643386D-EF5C-4515-9A6B-9F8D2174955B}.Debug|Any CPU.ActiveCfg = Debug|Any CPU
		{7643386D-EF5C-4515-9A6B-9F8D2174955B}.Debug|Any CPU.Build.0 = Debug|Any CPU
		{7643386D-EF5C-4515-9A6B-9F8D2174955B}.Release|Any CPU.ActiveCfg = Release|Any CPU
		{7643386D-EF5C-4515-9A6B-9F8D2174955B}.Release|Any CPU.Build.0 = Release|Any CPU
	EndGlobalSection
	GlobalSection(SolutionProperties) = preSolution
		HideSolutionNode = FALSE
	EndGlobalSection
	GlobalSection(ExtensibilityGlobals) = postSolution
		SolutionGuid = {24F37B62-3995-4775-BA04-87A3BF1D6077}
	EndGlobalSection
EndGlobal
